
Microsoft Visual Studio Solution File, Format Version 12.00
# Visual Studio Version 17
VisualStudioVersion = 17.0.32014.148
MinimumVisualStudioVersion = 10.0.40219.1
Project("{FAE04EC0-301F-11D3-BF4B-00C04F79EFBC}") = "MoviesAPI", "MoviesAPI.csproj", "{AD15605C-C69A-4C9F-B133-719E6160D7AB}"
EndProject
Global
	GlobalSection(SolutionConfigurationPlatforms) = preSolution
		Debug|Any CPU = Debug|Any CPU
		Release|Any CPU = Release|Any CPU
	EndGlobalSection
	GlobalSection(ProjectConfigurationPlatforms) = postSolution
		{AD15605C-C69A-4C9F-B133-719E6160D7AB}.Debug|Any CPU.ActiveCfg = Debug|Any CPU
		{AD15605C-C69A-4C9F-B133-719E6160D7AB}.Debug|Any CPU.Build.0 = Debug|Any CPU
		{AD15605C-C69A-4C9F-B133-719E6160D7AB}.Release|Any CPU.ActiveCfg = Release|Any CPU
		{AD15605C-C69A-4C9F-B133-719E6160D7AB}.Release|Any CPU.Build.0 = Release|Any CPU
	EndGlobalSection
	GlobalSection(SolutionProperties) = preSolution
		HideSolutionNode = FALSE
	EndGlobalSection
	GlobalSection(ExtensibilityGlobals) = postSolution
		SolutionGuid = {89407636-3472-44A8-BAF6-F71A501F1E14}
	EndGlobalSection
EndGlobal
